
Microsoft Visual Studio Solution File, Format Version 12.00
# Visual Studio Version 16
VisualStudioVersion = 16.0.30804.86
MinimumVisualStudioVersion = 10.0.40219.1
Project("{FAE04EC0-301F-11D3-BF4B-00C04F79EFBC}") = "Quizzess_Online_FinalVersion", "Quizzess_Online_FinalVersion\Quizzess_Online_FinalVersion.csproj", "{313E1AE7-9436-4020-B414-D057D5C837EA}"
EndProject
Global
	GlobalSection(SolutionConfigurationPlatforms) = preSolution
		Debug|Any CPU = Debug|Any CPU
		Release|Any CPU = Release|Any CPU
	EndGlobalSection
	GlobalSection(ProjectConfigurationPlatforms) = postSolution
		{313E1AE7-9436-4020-B414-D057D5C837EA}.Debug|Any CPU.ActiveCfg = Debug|Any CPU
		{313E1AE7-9436-4020-B414-D057D5C837EA}.Debug|Any CPU.Build.0 = Debug|Any CPU
		{313E1AE7-9436-4020-B414-D057D5C837EA}.Release|Any CPU.ActiveCfg = Release|Any CPU
		{313E1AE7-9436-4020-B414-D057D5C837EA}.Release|Any CPU.Build.0 = Release|Any CPU
	EndGlobalSection
	GlobalSection(SolutionProperties) = preSolution
		HideSolutionNode = FALSE
	EndGlobalSection
	GlobalSection(ExtensibilityGlobals) = postSolution
		SolutionGuid = {2F600357-B541-496E-8624-43F9D28FEECD}
	EndGlobalSection
EndGlobal
